
Microsoft Visual Studio Solution File, Format Version 12.00
# Visual Studio 14
VisualStudioVersion = 14.0.25420.1
MinimumVisualStudioVersion = 10.0.40219.1
Project("{FAE04EC0-301F-11D3-BF4B-00C04F79EFBC}") = "LetterFrequency.Web", "LetterFrequency.Web\LetterFrequency.Web.csproj", "{35480DA8-E4CB-431F-BD84-841E760227B3}"
EndProject
Project("{2150E333-8FDC-42A3-9474-1A3956D46DE8}") = "docs", "docs", "{FDB2E38B-DFBE-489A-85C0-363E10842158}"
	ProjectSection(SolutionItems) = preProject
		readme.md = readme.md
	EndProjectSection
EndProject
Global
	GlobalSection(SolutionConfigurationPlatforms) = preSolution
		Debug|Any CPU = Debug|Any CPU
		Release|Any CPU = Release|Any CPU
	EndGlobalSection
	GlobalSection(ProjectConfigurationPlatforms) = postSolution
		{35480DA8-E4CB-431F-BD84-841E760227B3}.Debug|Any CPU.ActiveCfg = Debug|Any CPU
		{35480DA8-E4CB-431F-BD84-841E760227B3}.Debug|Any CPU.Build.0 = Debug|Any CPU
		{35480DA8-E4CB-431F-BD84-841E760227B3}.Release|Any CPU.ActiveCfg = Release|Any CPU
		{35480DA8-E4CB-431F-BD84-841E760227B3}.Release|Any CPU.Build.0 = Release|Any CPU
	EndGlobalSection
	GlobalSection(SolutionProperties) = preSolution
		HideSolutionNode = FALSE
	EndGlobalSection
EndGlobal
